
Microsoft Visual Studio Solution File, Format Version 12.00
# Visual Studio Version 17
VisualStudioVersion = 17.0.31903.59
MinimumVisualStudioVersion = 10.0.40219.1
Project("{2150E333-8FDC-42A3-9474-1A3956D46DE8}") = "src", "src", "{827E0CD3-B72D-47B6-A68D-7590B98EB39B}"
EndProject
Project("{FAE04EC0-301F-11D3-BF4B-00C04F79EFBC}") = "Presentation.Api", "src\Presentation.Api\Presentation.Api.csproj", "{05DA9633-B0D9-4FB9-822D-1B6737A6A787}"
EndProject
Project("{FAE04EC0-301F-11D3-BF4B-00C04F79EFBC}") = "Application", "src\Application\Application.csproj", "{D30F588D-E8C0-4FC3-9B8C-8417CEABB36D}"
EndProject
Project("{FAE04EC0-301F-11D3-BF4B-00C04F79EFBC}") = "Domain", "src\Domain\Domain.csproj", "{3EB0FFCA-644B-46EF-B99A-AA820D4158E0}"
EndProject
Project("{FAE04EC0-301F-11D3-BF4B-00C04F79EFBC}") = "Infrastructure", "src\Infrastructure\Infrastructure.csproj", "{059BDD86-995E-45AC-91FA-2ECF8A330A85}"
EndProject
Project("{FAE04EC0-301F-11D3-BF4B-00C04F79EFBC}") = "Infrastructure.Persistence", "src\Infrastructure.Persistence\Infrastructure.Persistence.csproj", "{0704E2A8-1FDF-4176-9555-9309583C5394}"
EndProject
Project("{FAE04EC0-301F-11D3-BF4B-00C04F79EFBC}") = "BuildingBlocks", "src\BuildingBlocks\BuildingBlocks.csproj", "{6150A301-AF5D-440D-BF7B-C0CA5C9D01B2}"
EndProject
Project("{FAE04EC0-301F-11D3-BF4B-00C04F79EFBC}") = "UnitTests", "tests\UnitTests\UnitTests.csproj", "{CEB5C36B-1829-4BE5-B596-9F5756C83EF2}"
EndProject
Project("{FAE04EC0-301F-11D3-BF4B-00C04F79EFBC}") = "IntegrationTests", "tests\IntegrationTests\IntegrationTests.csproj", "{7C9D7822-B24F-4E72-98D0-022FFEA06645}"
EndProject
Global
	GlobalSection(SolutionConfigurationPlatforms) = preSolution
		Debug|Any CPU = Debug|Any CPU
		Debug|x64 = Debug|x64
		Debug|x86 = Debug|x86
		Release|Any CPU = Release|Any CPU
		Release|x64 = Release|x64
		Release|x86 = Release|x86
	EndGlobalSection
	GlobalSection(ProjectConfigurationPlatforms) = postSolution
		{05DA9633-B0D9-4FB9-822D-1B6737A6A787}.Debug|Any CPU.ActiveCfg = Debug|Any CPU
		{05DA9633-B0D9-4FB9-822D-1B6737A6A787}.Debug|Any CPU.Build.0 = Debug|Any CPU
		{05DA9633-B0D9-4FB9-822D-1B6737A6A787}.Debug|x64.ActiveCfg = Debug|Any CPU
		{05DA9633-B0D9-4FB9-822D-1B6737A6A787}.Debug|x64.Build.0 = Debug|Any CPU
		{05DA9633-B0D9-4FB9-822D-1B6737A6A787}.Debug|x86.ActiveCfg = Debug|Any CPU
		{05DA9633-B0D9-4FB9-822D-1B6737A6A787}.Debug|x86.Build.0 = Debug|Any CPU
		{05DA9633-B0D9-4FB9-822D-1B6737A6A787}.Release|Any CPU.ActiveCfg = Release|Any CPU
		{05DA9633-B0D9-4FB9-822D-1B6737A6A787}.Release|Any CPU.Build.0 = Release|Any CPU
		{05DA9633-B0D9-4FB9-822D-1B6737A6A787}.Release|x64.ActiveCfg = Release|Any CPU
		{05DA9633-B0D9-4FB9-822D-1B6737A6A787}.Release|x64.Build.0 = Release|Any CPU
		{05DA9633-B0D9-4FB9-822D-1B6737A6A787}.Release|x86.ActiveCfg = Release|Any CPU
		{05DA9633-B0D9-4FB9-822D-1B6737A6A787}.Release|x86.Build.0 = Release|Any CPU
		{D30F588D-E8C0-4FC3-9B8C-8417CEABB36D}.Debug|Any CPU.ActiveCfg = Debug|Any CPU
		{D30F588D-E8C0-4FC3-9B8C-8417CEABB36D}.Debug|Any CPU.Build.0 = Debug|Any CPU
		{D30F588D-E8C0-4FC3-9B8C-8417CEABB36D}.Debug|x64.ActiveCfg = Debug|Any CPU
		{D30F588D-E8C0-4FC3-9B8C-8417CEABB36D}.Debug|x64.Build.0 = Debug|Any CPU
		{D30F588D-E8C0-4FC3-9B8C-8417CEABB36D}.Debug|x86.ActiveCfg = Debug|Any CPU
		{D30F588D-E8C0-4FC3-9B8C-8417CEABB36D}.Debug|x86.Build.0 = Debug|Any CPU
		{D30F588D-E8C0-4FC3-9B8C-8417CEABB36D}.Release|Any CPU.ActiveCfg = Release|Any CPU
		{D30F588D-E8C0-4FC3-9B8C-8417CEABB36D}.Release|Any CPU.Build.0 = Release|Any CPU
		{D30F588D-E8C0-4FC3-9B8C-8417CEABB36D}.Release|x64.ActiveCfg = Release|Any CPU
		{D30F588D-E8C0-4FC3-9B8C-8417CEABB36D}.Release|x64.Build.0 = Release|Any CPU
		{D30F588D-E8C0-4FC3-9B8C-8417CEABB36D}.Release|x86.ActiveCfg = Release|Any CPU
		{D30F588D-E8C0-4FC3-9B8C-8417CEABB36D}.Release|x86.Build.0 = Release|Any CPU
		{3EB0FFCA-644B-46EF-B99A-AA820D4158E0}.Debug|Any CPU.ActiveCfg = Debug|Any CPU
		{3EB0FFCA-644B-46EF-B99A-AA820D4158E0}.Debug|Any CPU.Build.0 = Debug|Any CPU
		{3EB0FFCA-644B-46EF-B99A-AA820D4158E0}.Debug|x64.ActiveCfg = Debug|Any CPU
		{3EB0FFCA-644B-46EF-B99A-AA820D4158E0}.Debug|x64.Build.0 = Debug|Any CPU
		{3EB0FFCA-644B-46EF-B99A-AA820D4158E0}.Debug|x86.ActiveCfg = Debug|Any CPU
		{3EB0FFCA-644B-46EF-B99A-AA820D4158E0}.Debug|x86.Build.0 = Debug|Any CPU
		{3EB0FFCA-644B-46EF-B99A-AA820D4158E0}.Release|Any CPU.ActiveCfg = Release|Any CPU
		{3EB0FFCA-644B-46EF-B99A-AA820D4158E0}.Release|Any CPU.Build.0 = Release|Any CPU
		{3EB0FFCA-644B-46EF-B99A-AA820D4158E0}.Release|x64.ActiveCfg = Release|Any CPU
		{3EB0FFCA-644B-46EF-B99A-AA820D4158E0}.Release|x64.Build.0 = Release|Any CPU
		{3EB0FFCA-644B-46EF-B99A-AA820D4158E0}.Release|x86.ActiveCfg = Release|Any CPU
		{3EB0FFCA-644B-46EF-B99A-AA820D4158E0}.Release|x86.Build.0 = Release|Any CPU
		{059BDD86-995E-45AC-91FA-2ECF8A330A85}.Debug|Any CPU.ActiveCfg = Debug|Any CPU
		{059BDD86-995E-45AC-91FA-2ECF8A330A85}.Debug|Any CPU.Build.0 = Debug|Any CPU
		{059BDD86-995E-45AC-91FA-2ECF8A330A85}.Debug|x64.ActiveCfg = Debug|Any CPU
		{059BDD86-995E-45AC-91FA-2ECF8A330A85}.Debug|x64.Build.0 = Debug|Any CPU
		{059BDD86-995E-45AC-91FA-2ECF8A330A85}.Debug|x86.ActiveCfg = Debug|Any CPU
		{059BDD86-995E-45AC-91FA-2ECF8A330A85}.Debug|x86.Build.0 = Debug|Any CPU
		{059BDD86-995E-45AC-91FA-2ECF8A330A85}.Release|Any CPU.ActiveCfg = Release|Any CPU
		{059BDD86-995E-45AC-91FA-2ECF8A330A85}.Release|Any CPU.Build.0 = Release|Any CPU
		{059BDD86-995E-45AC-91FA-2ECF8A330A85}.Release|x64.ActiveCfg = Release|Any CPU
		{059BDD86-995E-45AC-91FA-2ECF8A330A85}.Release|x64.Build.0 = Release|Any CPU
		{059BDD86-995E-45AC-91FA-2ECF8A330A85}.Release|x86.ActiveCfg = Release|Any CPU
		{059BDD86-995E-45AC-91FA-2ECF8A330A85}.Release|x86.Build.0 = Release|Any CPU
		{0704E2A8-1FDF-4176-9555-9309583C5394}.Debug|Any CPU.ActiveCfg = Debug|Any CPU
		{0704E2A8-1FDF-4176-9555-9309583C5394}.Debug|Any CPU.Build.0 = Debug|Any CPU
		{0704E2A8-1FDF-4176-9555-9309583C5394}.Debug|x64.ActiveCfg = Debug|Any CPU
		{0704E2A8-1FDF-4176-9555-9309583C5394}.Debug|x64.Build.0 = Debug|Any CPU
		{0704E2A8-1FDF-4176-9555-9309583C5394}.Debug|x86.ActiveCfg = Debug|Any CPU
		{0704E2A8-1FDF-4176-9555-9309583C5394}.Debug|x86.Build.0 = Debug|Any CPU
		{0704E2A8-1FDF-4176-9555-9309583C5394}.Release|Any CPU.ActiveCfg = Release|Any CPU
		{0704E2A8-1FDF-4176-9555-9309583C5394}.Release|Any CPU.Build.0 = Release|Any CPU
		{0704E2A8-1FDF-4176-9555-9309583C5394}.Release|x64.ActiveCfg = Release|Any CPU
		{0704E2A8-1FDF-4176-9555-9309583C5394}.Release|x64.Build.0 = Release|Any CPU
		{0704E2A8-1FDF-4176-9555-9309583C5394}.Release|x86.ActiveCfg = Release|Any CPU
		{0704E2A8-1FDF-4176-9555-9309583C5394}.Release|x86.Build.0 = Release|Any CPU
		{6150A301-AF5D-440D-BF7B-C0CA5C9D01B2}.Debug|Any CPU.ActiveCfg = Debug|Any CPU
		{6150A301-AF5D-440D-BF7B-C0CA5C9D01B2}.Debug|Any CPU.Build.0 = Debug|Any CPU
		{6150A301-AF5D-440D-BF7B-C0CA5C9D01B2}.Debug|x64.ActiveCfg = Debug|Any CPU
		{6150A301-AF5D-440D-BF7B-C0CA5C9D01B2}.Debug|x64.Build.0 = Debug|Any CPU
		{6150A301-AF5D-440D-BF7B-C0CA5C9D01B2}.Debug|x86.ActiveCfg = Debug|Any CPU
		{6150A301-AF5D-440D-BF7B-C0CA5C9D01B2}.Debug|x86.Build.0 = Debug|Any CPU
		{6150A301-AF5D-440D-BF7B-C0CA5C9D01B2}.Release|Any CPU.ActiveCfg = Release|Any CPU
		{6150A301-AF5D-440D-BF7B-C0CA5C9D01B2}.Release|Any CPU.Build.0 = Release|Any CPU
		{6150A301-AF5D-440D-BF7B-C0CA5C9D01B2}.Release|x64.ActiveCfg = Release|Any CPU
		{6150A301-AF5D-440D-BF7B-C0CA5C9D01B2}.Release|x64.Build.0 = Release|Any CPU
		{6150A301-AF5D-440D-BF7B-C0CA5C9D01B2}.Release|x86.ActiveCfg = Release|Any CPU
		{6150A301-AF5D-440D-BF7B-C0CA5C9D01B2}.Release|x86.Build.0 = Release|Any CPU
		{CEB5C36B-1829-4BE5-B596-9F5756C83EF2}.Debug|Any CPU.ActiveCfg = Debug|Any CPU
		{CEB5C36B-1829-4BE5-B596-9F5756C83EF2}.Debug|Any CPU.Build.0 = Debug|Any CPU
		{CEB5C36B-1829-4BE5-B596-9F5756C83EF2}.Debug|x64.ActiveCfg = Debug|Any CPU
		{CEB5C36B-1829-4BE5-B596-9F5756C83EF2}.Debug|x64.Build.0 = Debug|Any CPU
		{CEB5C36B-1829-4BE5-B596-9F5756C83EF2}.Debug|x86.ActiveCfg = Debug|Any CPU
		{CEB5C36B-1829-4BE5-B596-9F5756C83EF2}.Debug|x86.Build.0 = Debug|Any CPU
		{CEB5C36B-1829-4BE5-B596-9F5756C83EF2}.Release|Any CPU.ActiveCfg = Release|Any CPU
		{CEB5C36B-1829-4BE5-B596-9F5756C83EF2}.Release|Any CPU.Build.0 = Release|Any CPU
		{CEB5C36B-1829-4BE5-B596-9F5756C83EF2}.Release|x64.ActiveCfg = Release|Any CPU
		{CEB5C36B-1829-4BE5-B596-9F5756C83EF2}.Release|x64.Build.0 = Release|Any CPU
		{CEB5C36B-1829-4BE5-B596-9F5756C83EF2}.Release|x86.ActiveCfg = Release|Any CPU
		{CEB5C36B-1829-4BE5-B596-9F5756C83EF2}.Release|x86.Build.0 = Release|Any CPU
		{7C9D7822-B24F-4E72-98D0-022FFEA06645}.Debug|Any CPU.ActiveCfg = Debug|Any CPU
		{7C9D7822-B24F-4E72-98D0-022FFEA06645}.Debug|Any CPU.Build.0 = Debug|Any CPU
		{7C9D7822-B24F-4E72-98D0-022FFEA06645}.Debug|x64.ActiveCfg = Debug|Any CPU
		{7C9D7822-B24F-4E72-98D0-022FFEA06645}.Debug|x64.Build.0 = Debug|Any CPU
		{7C9D7822-B24F-4E72-98D0-022FFEA06645}.Debug|x86.ActiveCfg = Debug|Any CPU
		{7C9D7822-B24F-4E72-98D0-022FFEA06645}.Debug|x86.Build.0 = Debug|Any CPU
		{7C9D7822-B24F-4E72-98D0-022FFEA06645}.Release|Any CPU.ActiveCfg = Release|Any CPU
		{7C9D7822-B24F-4E72-98D0-022FFEA06645}.Release|Any CPU.Build.0 = Release|Any CPU
		{7C9D7822-B24F-4E72-98D0-022FFEA06645}.Release|x64.ActiveCfg = Release|Any CPU
		{7C9D7822-B24F-4E72-98D0-022FFEA06645}.Release|x64.Build.0 = Release|Any CPU
		{7C9D7822-B24F-4E72-98D0-022FFEA06645}.Release|x86.ActiveCfg = Release|Any CPU
		{7C9D7822-B24F-4E72-98D0-022FFEA06645}.Release|x86.Build.0 = Release|Any CPU
	EndGlobalSection
	GlobalSection(SolutionProperties) = preSolution
		HideSolutionNode = FALSE
	EndGlobalSection
	GlobalSection(NestedProjects) = preSolution
		{05DA9633-B0D9-4FB9-822D-1B6737A6A787} = {827E0CD3-B72D-47B6-A68D-7590B98EB39B}
		{D30F588D-E8C0-4FC3-9B8C-8417CEABB36D} = {827E0CD3-B72D-47B6-A68D-7590B98EB39B}
		{3EB0FFCA-644B-46EF-B99A-AA820D4158E0} = {827E0CD3-B72D-47B6-A68D-7590B98EB39B}
		{059BDD86-995E-45AC-91FA-2ECF8A330A85} = {827E0CD3-B72D-47B6-A68D-7590B98EB39B}
		{0704E2A8-1FDF-4176-9555-9309583C5394} = {827E0CD3-B72D-47B6-A68D-7590B98EB39B}
		{6150A301-AF5D-440D-BF7B-C0CA5C9D01B2} = {827E0CD3-B72D-47B6-A68D-7590B98EB39B}
		{CEB5C36B-1829-4BE5-B596-9F5756C83EF2} = {827E0CD3-B72D-47B6-A68D-7590B98EB39B}
		{7C9D7822-B24F-4E72-98D0-022FFEA06645} = {827E0CD3-B72D-47B6-A68D-7590B98EB39B}
	EndGlobalSection
EndGlobal
